
Microsoft Visual Studio Solution File, Format Version 12.00
# Visual Studio Version 17
VisualStudioVersion = 17.2.32630.192
MinimumVisualStudioVersion = 10.0.40219.1
Project("{FAE04EC0-301F-11D3-BF4B-00C04F79EFBC}") = "EvidencePojisteniConsole", "EvidencePojisteniConsole.csproj", "{A9E436C2-1297-499B-895B-E87AF88D1727}"
EndProject
Global
	GlobalSection(SolutionConfigurationPlatforms) = preSolution
		Debug|Any CPU = Debug|Any CPU
		Release|Any CPU = Release|Any CPU
	EndGlobalSection
	GlobalSection(ProjectConfigurationPlatforms) = postSolution
		{A9E436C2-1297-499B-895B-E87AF88D1727}.Debug|Any CPU.ActiveCfg = Debug|Any CPU
		{A9E436C2-1297-499B-895B-E87AF88D1727}.Debug|Any CPU.Build.0 = Debug|Any CPU
		{A9E436C2-1297-499B-895B-E87AF88D1727}.Release|Any CPU.ActiveCfg = Release|Any CPU
		{A9E436C2-1297-499B-895B-E87AF88D1727}.Release|Any CPU.Build.0 = Release|Any CPU
	EndGlobalSection
	GlobalSection(SolutionProperties) = preSolution
		HideSolutionNode = FALSE
	EndGlobalSection
	GlobalSection(ExtensibilityGlobals) = postSolution
		SolutionGuid = {B8732C5D-C46B-4E04-A7C0-3E91414B1D2A}
	EndGlobalSection
EndGlobal
